// !$*UTF8*$!
{
	archiveVersion = 1;
	classes = {
	};
	objectVersion = 50;
	objects = {

/* Begin PBXBuildFile section */
		1475098A21521A5600227D9A /* main.swift in Sources */ = {isa = PBXBuildFile; fileRef = 1475098921521A5600227D9A /* main.swift */; };
		147CC03C2151E5F400F1AA4E /* Configuration.plist in Resources */ = {isa = PBXBuildFile; fileRef = 147CC03B2151E5F400F1AA4E /* Configuration.plist */; };
		147CC03E2151E7F900F1AA4E /* Configuration.swift in Sources */ = {isa = PBXBuildFile; fileRef = 147CC03D2151E7F900F1AA4E /* Configuration.swift */; };
		147CC0402151E81E00F1AA4E /* AuthenticationManager.swift in Sources */ = {isa = PBXBuildFile; fileRef = 147CC03F2151E81E00F1AA4E /* AuthenticationManager.swift */; };
		147CC0422151E83500F1AA4E /* NowPlayingFetcher.swift in Sources */ = {isa = PBXBuildFile; fileRef = 147CC0412151E83500F1AA4E /* NowPlayingFetcher.swift */; };
		147CC0442151EFB500F1AA4E /* Result.swift in Sources */ = {isa = PBXBuildFile; fileRef = 147CC0432151EFB500F1AA4E /* Result.swift */; };
		147CC0492151F55C00F1AA4E /* Icon.icns in Resources */ = {isa = PBXBuildFile; fileRef = 147CC0482151F55C00F1AA4E /* Icon.icns */; };
		1497A6C12150CA3400C019B9 /* AppDelegate.swift in Sources */ = {isa = PBXBuildFile; fileRef = 1497A6C02150CA3400C019B9 /* AppDelegate.swift */; };
		1497A6D92150CE3F00C019B9 /* TrackGetter.scpt in Resources */ = {isa = PBXBuildFile; fileRef = 1497A6D82150CE3F00C019B9 /* TrackGetter.scpt */; };
/* End PBXBuildFile section */

/* Begin PBXFileReference section */
		1475098921521A5600227D9A /* main.swift */ = {isa = PBXFileReference; lastKnownFileType = sourcecode.swift; path = main.swift; sourceTree = "<group>"; };
		147CC03B2151E5F400F1AA4E /* Configuration.plist */ = {isa = PBXFileReference; lastKnownFileType = text.plist.xml; path = Configuration.plist; sourceTree = "<group>"; };
		147CC03D2151E7F900F1AA4E /* Configuration.swift */ = {isa = PBXFileReference; lastKnownFileType = sourcecode.swift; path = Configuration.swift; sourceTree = "<group>"; };
		147CC03F2151E81E00F1AA4E /* AuthenticationManager.swift */ = {isa = PBXFileReference; lastKnownFileType = sourcecode.swift; path = AuthenticationManager.swift; sourceTree = "<group>"; };
		147CC0412151E83500F1AA4E /* NowPlayingFetcher.swift */ = {isa = PBXFileReference; lastKnownFileType = sourcecode.swift; path = NowPlayingFetcher.swift; sourceTree = "<group>"; };
		147CC0432151EFB500F1AA4E /* Result.swift */ = {isa = PBXFileReference; lastKnownFileType = sourcecode.swift; path = Result.swift; sourceTree = "<group>"; };
		147CC0482151F55C00F1AA4E /* Icon.icns */ = {isa = PBXFileReference; lastKnownFileType = image.icns; path = Icon.icns; sourceTree = "<group>"; };
		1497A6BD2150CA3400C019B9 /* Spotify - Add to Playlist.app */ = {isa = PBXFileReference; explicitFileType = wrapper.application; includeInIndex = 0; path = "Spotify - Add to Playlist.app"; sourceTree = BUILT_PRODUCTS_DIR; };
		1497A6C02150CA3400C019B9 /* AppDelegate.swift */ = {isa = PBXFileReference; lastKnownFileType = sourcecode.swift; path = AppDelegate.swift; sourceTree = "<group>"; };
		1497A6C92150CA3600C019B9 /* Info.plist */ = {isa = PBXFileReference; lastKnownFileType = text.plist.xml; path = Info.plist; sourceTree = "<group>"; };
		1497A6CA2150CA3600C019B9 /* SpotifyAddToPlaylist.entitlements */ = {isa = PBXFileReference; lastKnownFileType = text.plist.entitlements; path = SpotifyAddToPlaylist.entitlements; sourceTree = "<group>"; };
		1497A6D82150CE3F00C019B9 /* TrackGetter.scpt */ = {isa = PBXFileReference; lastKnownFileType = file; path = TrackGetter.scpt; sourceTree = "<group>"; };
/* End PBXFileReference section */

/* Begin PBXFrameworksBuildPhase section */
		1497A6BA2150CA3400C019B9 /* Frameworks */ = {
			isa = PBXFrameworksBuildPhase;
			buildActionMask = 2147483647;
			files = (
			);
			runOnlyForDeploymentPostprocessing = 0;
		};
/* End PBXFrameworksBuildPhase section */

/* Begin PBXGroup section */
		1497A6B42150CA3300C019B9 = {
			isa = PBXGroup;
			children = (
				1497A6BF2150CA3400C019B9 /* SpotifyAddToPlaylist */,
				1497A6BE2150CA3400C019B9 /* Products */,
			);
			sourceTree = "<group>";
		};
		1497A6BE2150CA3400C019B9 /* Products */ = {
			isa = PBXGroup;
			children = (
				1497A6BD2150CA3400C019B9 /* Spotify - Add to Playlist.app */,
			);
			name = Products;
			sourceTree = "<group>";
		};
		1497A6BF2150CA3400C019B9 /* SpotifyAddToPlaylist */ = {
			isa = PBXGroup;
			children = (
				1475098921521A5600227D9A /* main.swift */,
				1497A6C02150CA3400C019B9 /* AppDelegate.swift */,
				147CC0432151EFB500F1AA4E /* Result.swift */,
				147CC0412151E83500F1AA4E /* NowPlayingFetcher.swift */,
				147CC03F2151E81E00F1AA4E /* AuthenticationManager.swift */,
				147CC03D2151E7F900F1AA4E /* Configuration.swift */,
				147CC03B2151E5F400F1AA4E /* Configuration.plist */,
				1497A6D82150CE3F00C019B9 /* TrackGetter.scpt */,
				147CC0482151F55C00F1AA4E /* Icon.icns */,
				1497A6C92150CA3600C019B9 /* Info.plist */,
				1497A6CA2150CA3600C019B9 /* SpotifyAddToPlaylist.entitlements */,
			);
			path = SpotifyAddToPlaylist;
			sourceTree = "<group>";
		};
/* End PBXGroup section */

/* Begin PBXNativeTarget section */
		1497A6BC2150CA3400C019B9 /* SpotifyAddToPlaylist */ = {
			isa = PBXNativeTarget;
			buildConfigurationList = 1497A6CD2150CA3600C019B9 /* Build configuration list for PBXNativeTarget "SpotifyAddToPlaylist" */;
			buildPhases = (
				147CC0472151F0E300F1AA4E /* Build Number */,
				1497A6B92150CA3400C019B9 /* Sources */,
				1497A6BA2150CA3400C019B9 /* Frameworks */,
				1497A6BB2150CA3400C019B9 /* Resources */,
				1475098B21521B4A00227D9A /* Swiftlint */,
			);
			buildRules = (
			);
			dependencies = (
			);
			name = SpotifyAddToPlaylist;
			productName = SpotifyAddToPlaylist;
			productReference = 1497A6BD2150CA3400C019B9 /* Spotify - Add to Playlist.app */;
			productType = "com.apple.product-type.application";
		};
/* End PBXNativeTarget section */

/* Begin PBXProject section */
		1497A6B52150CA3300C019B9 /* Project object */ = {
			isa = PBXProject;
			attributes = {
				LastSwiftUpdateCheck = 1000;
				LastUpgradeCheck = 1000;
				ORGANIZATIONNAME = "Andrew Finke";
				TargetAttributes = {
					1497A6BC2150CA3400C019B9 = {
						CreatedOnToolsVersion = 10.0;
						SystemCapabilities = {
							com.apple.HardenedRuntime = {
								enabled = 0;
							};
							com.apple.Sandbox = {
								enabled = 0;
							};
						};
					};
				};
			};
			buildConfigurationList = 1497A6B82150CA3300C019B9 /* Build configuration list for PBXProject "SpotifyAddToPlaylist" */;
			compatibilityVersion = "Xcode 9.3";
			developmentRegion = en;
			hasScannedForEncodings = 0;
			knownRegions = (
				en,
				Base,
			);
			mainGroup = 1497A6B42150CA3300C019B9;
			productRefGroup = 1497A6BE2150CA3400C019B9 /* Products */;
			projectDirPath = "";
			projectRoot = "";
			targets = (
				1497A6BC2150CA3400C019B9 /* SpotifyAddToPlaylist */,
			);
		};
/* End PBXProject section */

/* Begin PBXResourcesBuildPhase section */
		1497A6BB2150CA3400C019B9 /* Resources */ = {
			isa = PBXResourcesBuildPhase;
			buildActionMask = 2147483647;
			files = (
				147CC03C2151E5F400F1AA4E /* Configuration.plist in Resources */,
				1497A6D92150CE3F00C019B9 /* TrackGetter.scpt in Resources */,
				147CC0492151F55C00F1AA4E /* Icon.icns in Resources */,
			);
			runOnlyForDeploymentPostprocessing = 0;
		};
/* End PBXResourcesBuildPhase section */

/* Begin PBXShellScriptBuildPhase section */
		1475098B21521B4A00227D9A /* Swiftlint */ = {
			isa = PBXShellScriptBuildPhase;
			buildActionMask = 2147483647;
			files = (
			);
			inputFileListPaths = (
			);
			inputPaths = (
			);
			name = Swiftlint;
			outputFileListPaths = (
			);
			outputPaths = (
			);
			runOnlyForDeploymentPostprocessing = 0;
			shellPath = /bin/sh;
			shellScript = "if which swiftlint >/dev/null; then\nswiftlint\nelse\necho \"warning: SwiftLint not installed, download from https://github.com/realm/SwiftLint\"\nfi\n";
		};
		147CC0472151F0E300F1AA4E /* Build Number */ = {
			isa = PBXShellScriptBuildPhase;
			buildActionMask = 2147483647;
			files = (
			);
			inputFileListPaths = (
			);
			inputPaths = (
			);
			name = "Build Number";
			outputFileListPaths = (
			);
			outputPaths = (
			);
			runOnlyForDeploymentPostprocessing = 0;
			shellPath = /bin/sh;
			shellScript = "buildNumber=$(/usr/libexec/PlistBuddy -c \"Print CFBundleVersion\" \"${PROJECT_DIR}/${INFOPLIST_FILE}\")\nbuildNumber=$(($buildNumber + 1))\n/usr/libexec/PlistBuddy -c \"Set :CFBundleVersion $buildNumber\" \"${PROJECT_DIR}/${INFOPLIST_FILE}\"\n";
		};
/* End PBXShellScriptBuildPhase section */

/* Begin PBXSourcesBuildPhase section */
		1497A6B92150CA3400C019B9 /* Sources */ = {
			isa = PBXSourcesBuildPhase;
			buildActionMask = 2147483647;
			files = (
				147CC0442151EFB500F1AA4E /* Result.swift in Sources */,
				147CC03E2151E7F900F1AA4E /* Configuration.swift in Sources */,
				1475098A21521A5600227D9A /* main.swift in Sources */,
				147CC0402151E81E00F1AA4E /* AuthenticationManager.swift in Sources */,
				147CC0422151E83500F1AA4E /* NowPlayingFetcher.swift in Sources */,
				1497A6C12150CA3400C019B9 /* AppDelegate.swift in Sources */,
			);
			runOnlyForDeploymentPostprocessing = 0;
		};
/* End PBXSourcesBuildPhase section */

/* Begin XCBuildConfiguration section */
		1497A6CB2150CA3600C019B9 /* Debug */ = {
			isa = XCBuildConfiguration;
			buildSettings = {
				ALWAYS_SEARCH_USER_PATHS = NO;
				CLANG_ANALYZER_NONNULL = YES;
				CLANG_ANALYZER_NUMBER_OBJECT_CONVERSION = YES_AGGRESSIVE;
				CLANG_CXX_LANGUAGE_STANDARD = "gnu++14";
				CLANG_CXX_LIBRARY = "libc++";
				CLANG_ENABLE_MODULES = YES;
				CLANG_ENABLE_OBJC_ARC = YES;
				CLANG_ENABLE_OBJC_WEAK = YES;
				CLANG_WARN_BLOCK_CAPTURE_AUTORELEASING = YES;
				CLANG_WARN_BOOL_CONVERSION = YES;
				CLANG_WARN_COMMA = YES;
				CLANG_WARN_CONSTANT_CONVERSION = YES;
				CLANG_WARN_DEPRECATED_OBJC_IMPLEMENTATIONS = YES;
				CLANG_WARN_DIRECT_OBJC_ISA_USAGE = YES_ERROR;
				CLANG_WARN_DOCUMENTATION_COMMENTS = YES;
				CLANG_WARN_EMPTY_BODY = YES;
				CLANG_WARN_ENUM_CONVERSION = YES;
				CLANG_WARN_INFINITE_RECURSION = YES;
				CLANG_WARN_INT_CONVERSION = YES;
				CLANG_WARN_NON_LITERAL_NULL_CONVERSION = YES;
				CLANG_WARN_OBJC_IMPLICIT_RETAIN_SELF = YES;
				CLANG_WARN_OBJC_LITERAL_CONVERSION = YES;
				CLANG_WARN_OBJC_ROOT_CLASS = YES_ERROR;
				CLANG_WARN_RANGE_LOOP_ANALYSIS = YES;
				CLANG_WARN_STRICT_PROTOTYPES = YES;
				CLANG_WARN_SUSPICIOUS_MOVE = YES;
				CLANG_WARN_UNGUARDED_AVAILABILITY = YES_AGGRESSIVE;
				CLANG_WARN_UNREACHABLE_CODE = YES;
				CLANG_WARN__DUPLICATE_METHOD_MATCH = YES;
				CODE_SIGN_IDENTITY = "Mac Developer";
				COPY_PHASE_STRIP = NO;
				DEBUG_INFORMATION_FORMAT = dwarf;
				ENABLE_STRICT_OBJC_MSGSEND = YES;
				ENABLE_TESTABILITY = YES;
				GCC_C_LANGUAGE_STANDARD = gnu11;
				GCC_DYNAMIC_NO_PIC = NO;
				GCC_NO_COMMON_BLOCKS = YES;
				GCC_OPTIMIZATION_LEVEL = 0;
				GCC_PREPROCESSOR_DEFINITIONS = (
					"DEBUG=1",
					"$(inherited)",
				);
				GCC_WARN_64_TO_32_BIT_CONVERSION = YES;
				GCC_WARN_ABOUT_RETURN_TYPE = YES_ERROR;
				GCC_WARN_UNDECLARED_SELECTOR = YES;
				GCC_WARN_UNINITIALIZED_AUTOS = YES_AGGRESSIVE;
				GCC_WARN_UNUSED_FUNCTION = YES;
				GCC_WARN_UNUSED_VARIABLE = YES;
				MACOSX_DEPLOYMENT_TARGET = 10.14;
				MTL_ENABLE_DEBUG_INFO = INCLUDE_SOURCE;
				MTL_FAST_MATH = YES;
				ONLY_ACTIVE_ARCH = YES;
				SDKROOT = macosx;
				SWIFT_ACTIVE_COMPILATION_CONDITIONS = DEBUG;
				SWIFT_OPTIMIZATION_LEVEL = "-Onone";
			};
			name = Debug;
		};
		1497A6CC2150CA3600C019B9 /* Release */ = {
			isa = XCBuildConfiguration;
			buildSettings = {
				ALWAYS_SEARCH_USER_PATHS = NO;
				CLANG_ANALYZER_NONNULL = YES;
				CLANG_ANALYZER_NUMBER_OBJECT_CONVERSION = YES_AGGRESSIVE;
				CLANG_CXX_LANGUAGE_STANDARD = "gnu++14";
				CLANG_CXX_LIBRARY = "libc++";
				CLANG_ENABLE_MODULES = YES;
				CLANG_ENABLE_OBJC_ARC = YES;
				CLANG_ENABLE_OBJC_WEAK = YES;
				CLANG_WARN_BLOCK_CAPTURE_AUTORELEASING = YES;
				CLANG_WARN_BOOL_CONVERSION = YES;
				CLANG_WARN_COMMA = YES;
				CLANG_WARN_CONSTANT_CONVERSION = YES;
				CLANG_WARN_DEPRECATED_OBJC_IMPLEMENTATIONS = YES;
				CLANG_WARN_DIRECT_OBJC_ISA_USAGE = YES_ERROR;
				CLANG_WARN_DOCUMENTATION_COMMENTS = YES;
				CLANG_WARN_EMPTY_BODY = YES;
				CLANG_WARN_ENUM_CONVERSION = YES;
				CLANG_WARN_INFINITE_RECURSION = YES;
				CLANG_WARN_INT_CONVERSION = YES;
				CLANG_WARN_NON_LITERAL_NULL_CONVERSION = YES;
				CLANG_WARN_OBJC_IMPLICIT_RETAIN_SELF = YES;
				CLANG_WARN_OBJC_LITERAL_CONVERSION = YES;
				CLANG_WARN_OBJC_ROOT_CLASS = YES_ERROR;
				CLANG_WARN_RANGE_LOOP_ANALYSIS = YES;
				CLANG_WARN_STRICT_PROTOTYPES = YES;
				CLANG_WARN_SUSPICIOUS_MOVE = YES;
				CLANG_WARN_UNGUARDED_AVAILABILITY = YES_AGGRESSIVE;
				CLANG_WARN_UNREACHABLE_CODE = YES;
				CLANG_WARN__DUPLICATE_METHOD_MATCH = YES;
				CODE_SIGN_IDENTITY = "Mac Developer";
				COPY_PHASE_STRIP = NO;
				DEBUG_INFORMATION_FORMAT = "dwarf-with-dsym";
				ENABLE_NS_ASSERTIONS = NO;
				ENABLE_STRICT_OBJC_MSGSEND = YES;
				GCC_C_LANGUAGE_STANDARD = gnu11;
				GCC_NO_COMMON_BLOCKS = YES;
				GCC_WARN_64_TO_32_BIT_CONVERSION = YES;
				GCC_WARN_ABOUT_RETURN_TYPE = YES_ERROR;
				GCC_WARN_UNDECLARED_SELECTOR = YES;
				GCC_WARN_UNINITIALIZED_AUTOS = YES_AGGRESSIVE;
				GCC_WARN_UNUSED_FUNCTION = YES;
				GCC_WARN_UNUSED_VARIABLE = YES;
				MACOSX_DEPLOYMENT_TARGET = 10.14;
				MTL_ENABLE_DEBUG_INFO = NO;
				MTL_FAST_MATH = YES;
				SDKROOT = macosx;
				SWIFT_COMPILATION_MODE = wholemodule;
				SWIFT_OPTIMIZATION_LEVEL = "-O";
			};
			name = Release;
		};
		1497A6CE2150CA3600C019B9 /* Debug */ = {
			isa = XCBuildConfiguration;
			buildSettings = {
				CODE_SIGN_STYLE = Automatic;
				COMBINE_HIDPI_IMAGES = YES;
				DEVELOPMENT_TEAM = 72S993BNAV;
				INFOPLIST_FILE = SpotifyAddToPlaylist/Info.plist;
				LD_RUNPATH_SEARCH_PATHS = (
					"$(inherited)",
					"@executable_path/../Frameworks",
				);
				MACOSX_DEPLOYMENT_TARGET = 10.10;
				PRODUCT_BUNDLE_IDENTIFIER = com.andrewfinke.SpotifyAddToPlaylist;
				PRODUCT_NAME = "Spotify - Add to Playlist";
				SWIFT_VERSION = 4.2;
			};
			name = Debug;
		};
		1497A6CF2150CA3600C019B9 /* Release */ = {
			isa = XCBuildConfiguration;
			buildSettings = {
				CODE_SIGN_STYLE = Automatic;
				COMBINE_HIDPI_IMAGES = YES;
				DEVELOPMENT_TEAM = 72S993BNAV;
				INFOPLIST_FILE = SpotifyAddToPlaylist/Info.plist;
				LD_RUNPATH_SEARCH_PATHS = (
					"$(inherited)",
					"@executable_path/../Frameworks",
				);
				MACOSX_DEPLOYMENT_TARGET = 10.10;
				PRODUCT_BUNDLE_IDENTIFIER = com.andrewfinke.SpotifyAddToPlaylist;
				PRODUCT_NAME = "Spotify - Add to Playlist";
				SWIFT_VERSION = 4.2;
			};
			name = Release;
		};
/* End XCBuildConfiguration section */

/* Begin XCConfigurationList section */
		1497A6B82150CA3300C019B9 /* Build configuration list for PBXProject "SpotifyAddToPlaylist" */ = {
			isa = XCConfigurationList;
			buildConfigurations = (
				1497A6CB2150CA3600C019B9 /* Debug */,
				1497A6CC2150CA3600C019B9 /* Release */,
			);
			defaultConfigurationIsVisible = 0;
			defaultConfigurationName = Release;
		};
		1497A6CD2150CA3600C019B9 /* Build configuration list for PBXNativeTarget "SpotifyAddToPlaylist" */ = {
			isa = XCConfigurationList;
			buildConfigurations = (
				1497A6CE2150CA3600C019B9 /* Debug */,
				1497A6CF2150CA3600C019B9 /* Release */,
			);
			defaultConfigurationIsVisible = 0;
			defaultConfigurationName = Release;
		};
/* End XCConfigurationList section */
	};
	rootObject = 1497A6B52150CA3300C019B9 /* Project object */;
}
